
Microsoft Visual Studio Solution File, Format Version 12.00
# Visual Studio Version 16
VisualStudioVersion = 16.0.30804.86
MinimumVisualStudioVersion = 10.0.40219.1
Project("{FAE04EC0-301F-11D3-BF4B-00C04F79EFBC}") = "Lab_6_7", "Lab_6_7.csproj", "{47529573-B269-4552-ABA0-29E9C1AD7883}"
EndProject
Global
	GlobalSection(SolutionConfigurationPlatforms) = preSolution
		Debug|Any CPU = Debug|Any CPU
		Release|Any CPU = Release|Any CPU
	EndGlobalSection
	GlobalSection(ProjectConfigurationPlatforms) = postSolution
		{47529573-B269-4552-ABA0-29E9C1AD7883}.Debug|Any CPU.ActiveCfg = Debug|Any CPU
		{47529573-B269-4552-ABA0-29E9C1AD7883}.Debug|Any CPU.Build.0 = Debug|Any CPU
		{47529573-B269-4552-ABA0-29E9C1AD7883}.Release|Any CPU.ActiveCfg = Release|Any CPU
		{47529573-B269-4552-ABA0-29E9C1AD7883}.Release|Any CPU.Build.0 = Release|Any CPU
	EndGlobalSection
	GlobalSection(SolutionProperties) = preSolution
		HideSolutionNode = FALSE
	EndGlobalSection
	GlobalSection(ExtensibilityGlobals) = postSolution
		SolutionGuid = {7D212434-D4C5-42AE-8994-4C0DAACE93BD}
	EndGlobalSection
EndGlobal
